// !$*UTF8*$!
{
	archiveVersion = 1;
	classes = {
	};
	objectVersion = 50;
	objects = {

/* Begin PBXBuildFile section */
		44890B9121ABA9DD0048C518 /* AppDelegate.swift in Sources */ = {isa = PBXBuildFile; fileRef = 44890B9021ABA9DD0048C518 /* AppDelegate.swift */; };
		44890B9321ABA9DD0048C518 /* ViewController.swift in Sources */ = {isa = PBXBuildFile; fileRef = 44890B9221ABA9DD0048C518 /* ViewController.swift */; };
		44890B9621ABA9DD0048C518 /* Main.storyboard in Resources */ = {isa = PBXBuildFile; fileRef = 44890B9421ABA9DD0048C518 /* Main.storyboard */; };
		44890B9921ABA9DD0048C518 /* HabitualTracker.xcdatamodeld in Sources */ = {isa = PBXBuildFile; fileRef = 44890B9721ABA9DD0048C518 /* HabitualTracker.xcdatamodeld */; };
		44890B9B21ABA9DE0048C518 /* Assets.xcassets in Resources */ = {isa = PBXBuildFile; fileRef = 44890B9A21ABA9DE0048C518 /* Assets.xcassets */; };
		44890B9E21ABA9DE0048C518 /* LaunchScreen.storyboard in Resources */ = {isa = PBXBuildFile; fileRef = 44890B9C21ABA9DE0048C518 /* LaunchScreen.storyboard */; };
		44890BA921ABA9DE0048C518 /* HabitualTrackerTests.swift in Sources */ = {isa = PBXBuildFile; fileRef = 44890BA821ABA9DE0048C518 /* HabitualTrackerTests.swift */; };
		44890BB421ABA9DE0048C518 /* HabitualTrackerUITests.swift in Sources */ = {isa = PBXBuildFile; fileRef = 44890BB321ABA9DE0048C518 /* HabitualTrackerUITests.swift */; };
/* End PBXBuildFile section */

/* Begin PBXContainerItemProxy section */
		44890BA521ABA9DE0048C518 /* PBXContainerItemProxy */ = {
			isa = PBXContainerItemProxy;
			containerPortal = 44890B8521ABA9DD0048C518 /* Project object */;
			proxyType = 1;
			remoteGlobalIDString = 44890B8C21ABA9DD0048C518;
			remoteInfo = HabitualTracker;
		};
		44890BB021ABA9DE0048C518 /* PBXContainerItemProxy */ = {
			isa = PBXContainerItemProxy;
			containerPortal = 44890B8521ABA9DD0048C518 /* Project object */;
			proxyType = 1;
			remoteGlobalIDString = 44890B8C21ABA9DD0048C518;
			remoteInfo = HabitualTracker;
		};
/* End PBXContainerItemProxy section */

/* Begin PBXFileReference section */
		44890B8D21ABA9DD0048C518 /* HabitualTracker.app */ = {isa = PBXFileReference; explicitFileType = wrapper.application; includeInIndex = 0; path = HabitualTracker.app; sourceTree = BUILT_PRODUCTS_DIR; };
		44890B9021ABA9DD0048C518 /* AppDelegate.swift */ = {isa = PBXFileReference; lastKnownFileType = sourcecode.swift; path = AppDelegate.swift; sourceTree = "<group>"; };
		44890B9221ABA9DD0048C518 /* ViewController.swift */ = {isa = PBXFileReference; lastKnownFileType = sourcecode.swift; path = ViewController.swift; sourceTree = "<group>"; };
		44890B9521ABA9DD0048C518 /* Base */ = {isa = PBXFileReference; lastKnownFileType = file.storyboard; name = Base; path = Base.lproj/Main.storyboard; sourceTree = "<group>"; };
		44890B9821ABA9DD0048C518 /* HabitualTracker.xcdatamodel */ = {isa = PBXFileReference; lastKnownFileType = wrapper.xcdatamodel; path = HabitualTracker.xcdatamodel; sourceTree = "<group>"; };
		44890B9A21ABA9DE0048C518 /* Assets.xcassets */ = {isa = PBXFileReference; lastKnownFileType = folder.assetcatalog; path = Assets.xcassets; sourceTree = "<group>"; };
		44890B9D21ABA9DE0048C518 /* Base */ = {isa = PBXFileReference; lastKnownFileType = file.storyboard; name = Base; path = Base.lproj/LaunchScreen.storyboard; sourceTree = "<group>"; };
		44890B9F21ABA9DE0048C518 /* Info.plist */ = {isa = PBXFileReference; lastKnownFileType = text.plist.xml; path = Info.plist; sourceTree = "<group>"; };
		44890BA421ABA9DE0048C518 /* HabitualTrackerTests.xctest */ = {isa = PBXFileReference; explicitFileType = wrapper.cfbundle; includeInIndex = 0; path = HabitualTrackerTests.xctest; sourceTree = BUILT_PRODUCTS_DIR; };
		44890BA821ABA9DE0048C518 /* HabitualTrackerTests.swift */ = {isa = PBXFileReference; lastKnownFileType = sourcecode.swift; path = HabitualTrackerTests.swift; sourceTree = "<group>"; };
		44890BAA21ABA9DE0048C518 /* Info.plist */ = {isa = PBXFileReference; lastKnownFileType = text.plist.xml; path = Info.plist; sourceTree = "<group>"; };
		44890BAF21ABA9DE0048C518 /* HabitualTrackerUITests.xctest */ = {isa = PBXFileReference; explicitFileType = wrapper.cfbundle; includeInIndex = 0; path = HabitualTrackerUITests.xctest; sourceTree = BUILT_PRODUCTS_DIR; };
		44890BB321ABA9DE0048C518 /* HabitualTrackerUITests.swift */ = {isa = PBXFileReference; lastKnownFileType = sourcecode.swift; path = HabitualTrackerUITests.swift; sourceTree = "<group>"; };
		44890BB521ABA9DE0048C518 /* Info.plist */ = {isa = PBXFileReference; lastKnownFileType = text.plist.xml; path = Info.plist; sourceTree = "<group>"; };
/* End PBXFileReference section */

/* Begin PBXFrameworksBuildPhase section */
		44890B8A21ABA9DD0048C518 /* Frameworks */ = {
			isa = PBXFrameworksBuildPhase;
			buildActionMask = 2147483647;
			files = (
			);
			runOnlyForDeploymentPostprocessing = 0;
		};
		44890BA121ABA9DE0048C518 /* Frameworks */ = {
			isa = PBXFrameworksBuildPhase;
			buildActionMask = 2147483647;
			files = (
			);
			runOnlyForDeploymentPostprocessing = 0;
		};
		44890BAC21ABA9DE0048C518 /* Frameworks */ = {
			isa = PBXFrameworksBuildPhase;
			buildActionMask = 2147483647;
			files = (
			);
			runOnlyForDeploymentPostprocessing = 0;
		};
/* End PBXFrameworksBuildPhase section */

/* Begin PBXGroup section */
		44890B8421ABA9DD0048C518 = {
			isa = PBXGroup;
			children = (
				44890B8F21ABA9DD0048C518 /* HabitualTracker */,
				44890BA721ABA9DE0048C518 /* HabitualTrackerTests */,
				44890BB221ABA9DE0048C518 /* HabitualTrackerUITests */,
				44890B8E21ABA9DD0048C518 /* Products */,
			);
			sourceTree = "<group>";
		};
		44890B8E21ABA9DD0048C518 /* Products */ = {
			isa = PBXGroup;
			children = (
				44890B8D21ABA9DD0048C518 /* HabitualTracker.app */,
				44890BA421ABA9DE0048C518 /* HabitualTrackerTests.xctest */,
				44890BAF21ABA9DE0048C518 /* HabitualTrackerUITests.xctest */,
			);
			name = Products;
			sourceTree = "<group>";
		};
		44890B8F21ABA9DD0048C518 /* HabitualTracker */ = {
			isa = PBXGroup;
			children = (
				44890B9021ABA9DD0048C518 /* AppDelegate.swift */,
				44890B9221ABA9DD0048C518 /* ViewController.swift */,
				44890B9421ABA9DD0048C518 /* Main.storyboard */,
				44890B9A21ABA9DE0048C518 /* Assets.xcassets */,
				44890B9C21ABA9DE0048C518 /* LaunchScreen.storyboard */,
				44890B9F21ABA9DE0048C518 /* Info.plist */,
				44890B9721ABA9DD0048C518 /* HabitualTracker.xcdatamodeld */,
			);
			path = HabitualTracker;
			sourceTree = "<group>";
		};
		44890BA721ABA9DE0048C518 /* HabitualTrackerTests */ = {
			isa = PBXGroup;
			children = (
				44890BA821ABA9DE0048C518 /* HabitualTrackerTests.swift */,
				44890BAA21ABA9DE0048C518 /* Info.plist */,
			);
			path = HabitualTrackerTests;
			sourceTree = "<group>";
		};
		44890BB221ABA9DE0048C518 /* HabitualTrackerUITests */ = {
			isa = PBXGroup;
			children = (
				44890BB321ABA9DE0048C518 /* HabitualTrackerUITests.swift */,
				44890BB521ABA9DE0048C518 /* Info.plist */,
			);
			path = HabitualTrackerUITests;
			sourceTree = "<group>";
		};
/* End PBXGroup section */

/* Begin PBXNativeTarget section */
		44890B8C21ABA9DD0048C518 /* HabitualTracker */ = {
			isa = PBXNativeTarget;
			buildConfigurationList = 44890BB821ABA9DE0048C518 /* Build configuration list for PBXNativeTarget "HabitualTracker" */;
			buildPhases = (
				44890B8921ABA9DD0048C518 /* Sources */,
				44890B8A21ABA9DD0048C518 /* Frameworks */,
				44890B8B21ABA9DD0048C518 /* Resources */,
			);
			buildRules = (
			);
			dependencies = (
			);
			name = HabitualTracker;
			productName = HabitualTracker;
			productReference = 44890B8D21ABA9DD0048C518 /* HabitualTracker.app */;
			productType = "com.apple.product-type.application";
		};
		44890BA321ABA9DE0048C518 /* HabitualTrackerTests */ = {
			isa = PBXNativeTarget;
			buildConfigurationList = 44890BBB21ABA9DE0048C518 /* Build configuration list for PBXNativeTarget "HabitualTrackerTests" */;
			buildPhases = (
				44890BA021ABA9DE0048C518 /* Sources */,
				44890BA121ABA9DE0048C518 /* Frameworks */,
				44890BA221ABA9DE0048C518 /* Resources */,
			);
			buildRules = (
			);
			dependencies = (
				44890BA621ABA9DE0048C518 /* PBXTargetDependency */,
			);
			name = HabitualTrackerTests;
			productName = HabitualTrackerTests;
			productReference = 44890BA421ABA9DE0048C518 /* HabitualTrackerTests.xctest */;
			productType = "com.apple.product-type.bundle.unit-test";
		};
		44890BAE21ABA9DE0048C518 /* HabitualTrackerUITests */ = {
			isa = PBXNativeTarget;
			buildConfigurationList = 44890BBE21ABA9DE0048C518 /* Build configuration list for PBXNativeTarget "HabitualTrackerUITests" */;
			buildPhases = (
				44890BAB21ABA9DE0048C518 /* Sources */,
				44890BAC21ABA9DE0048C518 /* Frameworks */,
				44890BAD21ABA9DE0048C518 /* Resources */,
			);
			buildRules = (
			);
			dependencies = (
				44890BB121ABA9DE0048C518 /* PBXTargetDependency */,
			);
			name = HabitualTrackerUITests;
			productName = HabitualTrackerUITests;
			productReference = 44890BAF21ABA9DE0048C518 /* HabitualTrackerUITests.xctest */;
			productType = "com.apple.product-type.bundle.ui-testing";
		};
/* End PBXNativeTarget section */

/* Begin PBXProject section */
		44890B8521ABA9DD0048C518 /* Project object */ = {
			isa = PBXProject;
			attributes = {
				LastSwiftUpdateCheck = 1000;
				LastUpgradeCheck = 1000;
				ORGANIZATIONNAME = "Jackson Ho";
				TargetAttributes = {
					44890B8C21ABA9DD0048C518 = {
						CreatedOnToolsVersion = 10.0;
					};
					44890BA321ABA9DE0048C518 = {
						CreatedOnToolsVersion = 10.0;
						TestTargetID = 44890B8C21ABA9DD0048C518;
					};
					44890BAE21ABA9DE0048C518 = {
						CreatedOnToolsVersion = 10.0;
						TestTargetID = 44890B8C21ABA9DD0048C518;
					};
				};
			};
			buildConfigurationList = 44890B8821ABA9DD0048C518 /* Build configuration list for PBXProject "HabitualTracker" */;
			compatibilityVersion = "Xcode 9.3";
			developmentRegion = en;
			hasScannedForEncodings = 0;
			knownRegions = (
				en,
				Base,
			);
			mainGroup = 44890B8421ABA9DD0048C518;
			productRefGroup = 44890B8E21ABA9DD0048C518 /* Products */;
			projectDirPath = "";
			projectRoot = "";
			targets = (
				44890B8C21ABA9DD0048C518 /* HabitualTracker */,
				44890BA321ABA9DE0048C518 /* HabitualTrackerTests */,
				44890BAE21ABA9DE0048C518 /* HabitualTrackerUITests */,
			);
		};
/* End PBXProject section */

/* Begin PBXResourcesBuildPhase section */
		44890B8B21ABA9DD0048C518 /* Resources */ = {
			isa = PBXResourcesBuildPhase;
			buildActionMask = 2147483647;
			files = (
				44890B9E21ABA9DE0048C518 /* LaunchScreen.storyboard in Resources */,
				44890B9B21ABA9DE0048C518 /* Assets.xcassets in Resources */,
				44890B9621ABA9DD0048C518 /* Main.storyboard in Resources */,
			);
			runOnlyForDeploymentPostprocessing = 0;
		};
		44890BA221ABA9DE0048C518 /* Resources */ = {
			isa = PBXResourcesBuildPhase;
			buildActionMask = 2147483647;
			files = (
			);
			runOnlyForDeploymentPostprocessing = 0;
		};
		44890BAD21ABA9DE0048C518 /* Resources */ = {
			isa = PBXResourcesBuildPhase;
			buildActionMask = 2147483647;
			files = (
			);
			runOnlyForDeploymentPostprocessing = 0;
		};
/* End PBXResourcesBuildPhase section */

/* Begin PBXSourcesBuildPhase section */
		44890B8921ABA9DD0048C518 /* Sources */ = {
			isa = PBXSourcesBuildPhase;
			buildActionMask = 2147483647;
			files = (
				44890B9321ABA9DD0048C518 /* ViewController.swift in Sources */,
				44890B9121ABA9DD0048C518 /* AppDelegate.swift in Sources */,
				44890B9921ABA9DD0048C518 /* HabitualTracker.xcdatamodeld in Sources */,
			);
			runOnlyForDeploymentPostprocessing = 0;
		};
		44890BA021ABA9DE0048C518 /* Sources */ = {
			isa = PBXSourcesBuildPhase;
			buildActionMask = 2147483647;
			files = (
				44890BA921ABA9DE0048C518 /* HabitualTrackerTests.swift in Sources */,
			);
			runOnlyForDeploymentPostprocessing = 0;
		};
		44890BAB21ABA9DE0048C518 /* Sources */ = {
			isa = PBXSourcesBuildPhase;
			buildActionMask = 2147483647;
			files = (
				44890BB421ABA9DE0048C518 /* HabitualTrackerUITests.swift in Sources */,
			);
			runOnlyForDeploymentPostprocessing = 0;
		};
/* End PBXSourcesBuildPhase section */

/* Begin PBXTargetDependency section */
		44890BA621ABA9DE0048C518 /* PBXTargetDependency */ = {
			isa = PBXTargetDependency;
			target = 44890B8C21ABA9DD0048C518 /* HabitualTracker */;
			targetProxy = 44890BA521ABA9DE0048C518 /* PBXContainerItemProxy */;
		};
		44890BB121ABA9DE0048C518 /* PBXTargetDependency */ = {
			isa = PBXTargetDependency;
			target = 44890B8C21ABA9DD0048C518 /* HabitualTracker */;
			targetProxy = 44890BB021ABA9DE0048C518 /* PBXContainerItemProxy */;
		};
/* End PBXTargetDependency section */

/* Begin PBXVariantGroup section */
		44890B9421ABA9DD0048C518 /* Main.storyboard */ = {
			isa = PBXVariantGroup;
			children = (
				44890B9521ABA9DD0048C518 /* Base */,
			);
			name = Main.storyboard;
			sourceTree = "<group>";
		};
		44890B9C21ABA9DE0048C518 /* LaunchScreen.storyboard */ = {
			isa = PBXVariantGroup;
			children = (
				44890B9D21ABA9DE0048C518 /* Base */,
			);
			name = LaunchScreen.storyboard;
			sourceTree = "<group>";
		};
/* End PBXVariantGroup section */

/* Begin XCBuildConfiguration section */
		44890BB621ABA9DE0048C518 /* Debug */ = {
			isa = XCBuildConfiguration;
			buildSettings = {
				ALWAYS_SEARCH_USER_PATHS = NO;
				CLANG_ANALYZER_NONNULL = YES;
				CLANG_ANALYZER_NUMBER_OBJECT_CONVERSION = YES_AGGRESSIVE;
				CLANG_CXX_LANGUAGE_STANDARD = "gnu++14";
				CLANG_CXX_LIBRARY = "libc++";
				CLANG_ENABLE_MODULES = YES;
				CLANG_ENABLE_OBJC_ARC = YES;
				CLANG_ENABLE_OBJC_WEAK = YES;
				CLANG_WARN_BLOCK_CAPTURE_AUTORELEASING = YES;
				CLANG_WARN_BOOL_CONVERSION = YES;
				CLANG_WARN_COMMA = YES;
				CLANG_WARN_CONSTANT_CONVERSION = YES;
				CLANG_WARN_DEPRECATED_OBJC_IMPLEMENTATIONS = YES;
				CLANG_WARN_DIRECT_OBJC_ISA_USAGE = YES_ERROR;
				CLANG_WARN_DOCUMENTATION_COMMENTS = YES;
				CLANG_WARN_EMPTY_BODY = YES;
				CLANG_WARN_ENUM_CONVERSION = YES;
				CLANG_WARN_INFINITE_RECURSION = YES;
				CLANG_WARN_INT_CONVERSION = YES;
				CLANG_WARN_NON_LITERAL_NULL_CONVERSION = YES;
				CLANG_WARN_OBJC_IMPLICIT_RETAIN_SELF = YES;
				CLANG_WARN_OBJC_LITERAL_CONVERSION = YES;
				CLANG_WARN_OBJC_ROOT_CLASS = YES_ERROR;
				CLANG_WARN_RANGE_LOOP_ANALYSIS = YES;
				CLANG_WARN_STRICT_PROTOTYPES = YES;
				CLANG_WARN_SUSPICIOUS_MOVE = YES;
				CLANG_WARN_UNGUARDED_AVAILABILITY = YES_AGGRESSIVE;
				CLANG_WARN_UNREACHABLE_CODE = YES;
				CLANG_WARN__DUPLICATE_METHOD_MATCH = YES;
				CODE_SIGN_IDENTITY = "iPhone Developer";
				COPY_PHASE_STRIP = NO;
				DEBUG_INFORMATION_FORMAT = dwarf;
				ENABLE_STRICT_OBJC_MSGSEND = YES;
				ENABLE_TESTABILITY = YES;
				GCC_C_LANGUAGE_STANDARD = gnu11;
				GCC_DYNAMIC_NO_PIC = NO;
				GCC_NO_COMMON_BLOCKS = YES;
				GCC_OPTIMIZATION_LEVEL = 0;
				GCC_PREPROCESSOR_DEFINITIONS = (
					"DEBUG=1",
					"$(inherited)",
				);
				GCC_WARN_64_TO_32_BIT_CONVERSION = YES;
				GCC_WARN_ABOUT_RETURN_TYPE = YES_ERROR;
				GCC_WARN_UNDECLARED_SELECTOR = YES;
				GCC_WARN_UNINITIALIZED_AUTOS = YES_AGGRESSIVE;
				GCC_WARN_UNUSED_FUNCTION = YES;
				GCC_WARN_UNUSED_VARIABLE = YES;
				IPHONEOS_DEPLOYMENT_TARGET = 12.0;
				MTL_ENABLE_DEBUG_INFO = INCLUDE_SOURCE;
				MTL_FAST_MATH = YES;
				ONLY_ACTIVE_ARCH = YES;
				SDKROOT = iphoneos;
				SWIFT_ACTIVE_COMPILATION_CONDITIONS = DEBUG;
				SWIFT_OPTIMIZATION_LEVEL = "-Onone";
			};
			name = Debug;
		};
		44890BB721ABA9DE0048C518 /* Release */ = {
			isa = XCBuildConfiguration;
			buildSettings = {
				ALWAYS_SEARCH_USER_PATHS = NO;
				CLANG_ANALYZER_NONNULL = YES;
				CLANG_ANALYZER_NUMBER_OBJECT_CONVERSION = YES_AGGRESSIVE;
				CLANG_CXX_LANGUAGE_STANDARD = "gnu++14";
				CLANG_CXX_LIBRARY = "libc++";
				CLANG_ENABLE_MODULES = YES;
				CLANG_ENABLE_OBJC_ARC = YES;
				CLANG_ENABLE_OBJC_WEAK = YES;
				CLANG_WARN_BLOCK_CAPTURE_AUTORELEASING = YES;
				CLANG_WARN_BOOL_CONVERSION = YES;
				CLANG_WARN_COMMA = YES;
				CLANG_WARN_CONSTANT_CONVERSION = YES;
				CLANG_WARN_DEPRECATED_OBJC_IMPLEMENTATIONS = YES;
				CLANG_WARN_DIRECT_OBJC_ISA_USAGE = YES_ERROR;
				CLANG_WARN_DOCUMENTATION_COMMENTS = YES;
				CLANG_WARN_EMPTY_BODY = YES;
				CLANG_WARN_ENUM_CONVERSION = YES;
				CLANG_WARN_INFINITE_RECURSION = YES;
				CLANG_WARN_INT_CONVERSION = YES;
				CLANG_WARN_NON_LITERAL_NULL_CONVERSION = YES;
				CLANG_WARN_OBJC_IMPLICIT_RETAIN_SELF = YES;
				CLANG_WARN_OBJC_LITERAL_CONVERSION = YES;
				CLANG_WARN_OBJC_ROOT_CLASS = YES_ERROR;
				CLANG_WARN_RANGE_LOOP_ANALYSIS = YES;
				CLANG_WARN_STRICT_PROTOTYPES = YES;
				CLANG_WARN_SUSPICIOUS_MOVE = YES;
				CLANG_WARN_UNGUARDED_AVAILABILITY = YES_AGGRESSIVE;
				CLANG_WARN_UNREACHABLE_CODE = YES;
				CLANG_WARN__DUPLICATE_METHOD_MATCH = YES;
				CODE_SIGN_IDENTITY = "iPhone Developer";
				COPY_PHASE_STRIP = NO;
				DEBUG_INFORMATION_FORMAT = "dwarf-with-dsym";
				ENABLE_NS_ASSERTIONS = NO;
				ENABLE_STRICT_OBJC_MSGSEND = YES;
				GCC_C_LANGUAGE_STANDARD = gnu11;
				GCC_NO_COMMON_BLOCKS = YES;
				GCC_WARN_64_TO_32_BIT_CONVERSION = YES;
				GCC_WARN_ABOUT_RETURN_TYPE = YES_ERROR;
				GCC_WARN_UNDECLARED_SELECTOR = YES;
				GCC_WARN_UNINITIALIZED_AUTOS = YES_AGGRESSIVE;
				GCC_WARN_UNUSED_FUNCTION = YES;
				GCC_WARN_UNUSED_VARIABLE = YES;
				IPHONEOS_DEPLOYMENT_TARGET = 12.0;
				MTL_ENABLE_DEBUG_INFO = NO;
				MTL_FAST_MATH = YES;
				SDKROOT = iphoneos;
				SWIFT_COMPILATION_MODE = wholemodule;
				SWIFT_OPTIMIZATION_LEVEL = "-O";
				VALIDATE_PRODUCT = YES;
			};
			name = Release;
		};
		44890BB921ABA9DE0048C518 /* Debug */ = {
			isa = XCBuildConfiguration;
			buildSettings = {
				ASSETCATALOG_COMPILER_APPICON_NAME = AppIcon;
				CODE_SIGN_STYLE = Automatic;
				DEVELOPMENT_TEAM = XYLZ368J9Q;
				INFOPLIST_FILE = HabitualTracker/Info.plist;
				LD_RUNPATH_SEARCH_PATHS = (
					"$(inherited)",
					"@executable_path/Frameworks",
				);
				PRODUCT_BUNDLE_IDENTIFIER = co.jacksonHo.HabitualTracker;
				PRODUCT_NAME = "$(TARGET_NAME)";
				SWIFT_VERSION = 4.2;
				TARGETED_DEVICE_FAMILY = "1,2";
			};
			name = Debug;
		};
		44890BBA21ABA9DE0048C518 /* Release */ = {
			isa = XCBuildConfiguration;
			buildSettings = {
				ASSETCATALOG_COMPILER_APPICON_NAME = AppIcon;
				CODE_SIGN_STYLE = Automatic;
				DEVELOPMENT_TEAM = XYLZ368J9Q;
				INFOPLIST_FILE = HabitualTracker/Info.plist;
				LD_RUNPATH_SEARCH_PATHS = (
					"$(inherited)",
					"@executable_path/Frameworks",
				);
				PRODUCT_BUNDLE_IDENTIFIER = co.jacksonHo.HabitualTracker;
				PRODUCT_NAME = "$(TARGET_NAME)";
				SWIFT_VERSION = 4.2;
				TARGETED_DEVICE_FAMILY = "1,2";
			};
			name = Release;
		};
		44890BBC21ABA9DE0048C518 /* Debug */ = {
			isa = XCBuildConfiguration;
			buildSettings = {
				ALWAYS_EMBED_SWIFT_STANDARD_LIBRARIES = YES;
				BUNDLE_LOADER = "$(TEST_HOST)";
				CODE_SIGN_STYLE = Automatic;
				DEVELOPMENT_TEAM = XYLZ368J9Q;
				INFOPLIST_FILE = HabitualTrackerTests/Info.plist;
				LD_RUNPATH_SEARCH_PATHS = (
					"$(inherited)",
					"@executable_path/Frameworks",
					"@loader_path/Frameworks",
				);
				PRODUCT_BUNDLE_IDENTIFIER = co.jacksonHo.HabitualTrackerTests;
				PRODUCT_NAME = "$(TARGET_NAME)";
				SWIFT_VERSION = 4.2;
				TARGETED_DEVICE_FAMILY = "1,2";
				TEST_HOST = "$(BUILT_PRODUCTS_DIR)/HabitualTracker.app/HabitualTracker";
			};
			name = Debug;
		};
		44890BBD21ABA9DE0048C518 /* Release */ = {
			isa = XCBuildConfiguration;
			buildSettings = {
				ALWAYS_EMBED_SWIFT_STANDARD_LIBRARIES = YES;
				BUNDLE_LOADER = "$(TEST_HOST)";
				CODE_SIGN_STYLE = Automatic;
				DEVELOPMENT_TEAM = XYLZ368J9Q;
				INFOPLIST_FILE = HabitualTrackerTests/Info.plist;
				LD_RUNPATH_SEARCH_PATHS = (
					"$(inherited)",
					"@executable_path/Frameworks",
					"@loader_path/Frameworks",
				);
				PRODUCT_BUNDLE_IDENTIFIER = co.jacksonHo.HabitualTrackerTests;
				PRODUCT_NAME = "$(TARGET_NAME)";
				SWIFT_VERSION = 4.2;
				TARGETED_DEVICE_FAMILY = "1,2";
				TEST_HOST = "$(BUILT_PRODUCTS_DIR)/HabitualTracker.app/HabitualTracker";
			};
			name = Release;
		};
		44890BBF21ABA9DE0048C518 /* Debug */ = {
			isa = XCBuildConfiguration;
			buildSettings = {
				ALWAYS_EMBED_SWIFT_STANDARD_LIBRARIES = YES;
				CODE_SIGN_STYLE = Automatic;
				DEVELOPMENT_TEAM = XYLZ368J9Q;
				INFOPLIST_FILE = HabitualTrackerUITests/Info.plist;
				LD_RUNPATH_SEARCH_PATHS = (
					"$(inherited)",
					"@executable_path/Frameworks",
					"@loader_path/Frameworks",
				);
				PRODUCT_BUNDLE_IDENTIFIER = co.jacksonHo.HabitualTrackerUITests;
				PRODUCT_NAME = "$(TARGET_NAME)";
				SWIFT_VERSION = 4.2;
				TARGETED_DEVICE_FAMILY = "1,2";
				TEST_TARGET_NAME = HabitualTracker;
			};
			name = Debug;
		};
		44890BC021ABA9DE0048C518 /* Release */ = {
			isa = XCBuildConfiguration;
			buildSettings = {
				ALWAYS_EMBED_SWIFT_STANDARD_LIBRARIES = YES;
				CODE_SIGN_STYLE = Automatic;
				DEVELOPMENT_TEAM = XYLZ368J9Q;
				INFOPLIST_FILE = HabitualTrackerUITests/Info.plist;
				LD_RUNPATH_SEARCH_PATHS = (
					"$(inherited)",
					"@executable_path/Frameworks",
					"@loader_path/Frameworks",
				);
				PRODUCT_BUNDLE_IDENTIFIER = co.jacksonHo.HabitualTrackerUITests;
				PRODUCT_NAME = "$(TARGET_NAME)";
				SWIFT_VERSION = 4.2;
				TARGETED_DEVICE_FAMILY = "1,2";
				TEST_TARGET_NAME = HabitualTracker;
			};
			name = Release;
		};
/* End XCBuildConfiguration section */

/* Begin XCConfigurationList section */
		44890B8821ABA9DD0048C518 /* Build configuration list for PBXProject "HabitualTracker" */ = {
			isa = XCConfigurationList;
			buildConfigurations = (
				44890BB621ABA9DE0048C518 /* Debug */,
				44890BB721ABA9DE0048C518 /* Release */,
			);
			defaultConfigurationIsVisible = 0;
			defaultConfigurationName = Release;
		};
		44890BB821ABA9DE0048C518 /* Build configuration list for PBXNativeTarget "HabitualTracker" */ = {
			isa = XCConfigurationList;
			buildConfigurations = (
				44890BB921ABA9DE0048C518 /* Debug */,
				44890BBA21ABA9DE0048C518 /* Release */,
			);
			defaultConfigurationIsVisible = 0;
			defaultConfigurationName = Release;
		};
		44890BBB21ABA9DE0048C518 /* Build configuration list for PBXNativeTarget "HabitualTrackerTests" */ = {
			isa = XCConfigurationList;
			buildConfigurations = (
				44890BBC21ABA9DE0048C518 /* Debug */,
				44890BBD21ABA9DE0048C518 /* Release */,
			);
			defaultConfigurationIsVisible = 0;
			defaultConfigurationName = Release;
		};
		44890BBE21ABA9DE0048C518 /* Build configuration list for PBXNativeTarget "HabitualTrackerUITests" */ = {
			isa = XCConfigurationList;
			buildConfigurations = (
				44890BBF21ABA9DE0048C518 /* Debug */,
				44890BC021ABA9DE0048C518 /* Release */,
			);
			defaultConfigurationIsVisible = 0;
			defaultConfigurationName = Release;
		};
/* End XCConfigurationList section */

/* Begin XCVersionGroup section */
		44890B9721ABA9DD0048C518 /* HabitualTracker.xcdatamodeld */ = {
			isa = XCVersionGroup;
			children = (
				44890B9821ABA9DD0048C518 /* HabitualTracker.xcdatamodel */,
			);
			currentVersion = 44890B9821ABA9DD0048C518 /* HabitualTracker.xcdatamodel */;
			path = HabitualTracker.xcdatamodeld;
			sourceTree = "<group>";
			versionGroupType = wrapper.xcdatamodel;
		};
/* End XCVersionGroup section */
	};
	rootObject = 44890B8521ABA9DD0048C518 /* Project object */;
}
